// !$*UTF8*$!
{
	archiveVersion = 1;
	classes = {
	};
	objectVersion = 48;
	objects = {

/* Begin PBXBuildFile section */
		305246BB1FB0631800BB63CA /* LabelView.swift in Sources */ = {isa = PBXBuildFile; fileRef = 305246BA1FB0631800BB63CA /* LabelView.swift */; };
		308119A81FB0590800EEA5A8 /* FormattedDataSource.framework in Frameworks */ = {isa = PBXBuildFile; fileRef = 308119A91FB0590800EEA5A8 /* FormattedDataSource.framework */; };
		30BBFEDE1FACDB06003971AF /* AppDelegate.swift in Sources */ = {isa = PBXBuildFile; fileRef = 30BBFEDD1FACDB06003971AF /* AppDelegate.swift */; };
		30BBFEE01FACDB06003971AF /* ViewController.swift in Sources */ = {isa = PBXBuildFile; fileRef = 30BBFEDF1FACDB06003971AF /* ViewController.swift */; };
		30BBFEE31FACDB06003971AF /* Main.storyboard in Resources */ = {isa = PBXBuildFile; fileRef = 30BBFEE11FACDB06003971AF /* Main.storyboard */; };
		30BBFEE51FACDB06003971AF /* Assets.xcassets in Resources */ = {isa = PBXBuildFile; fileRef = 30BBFEE41FACDB06003971AF /* Assets.xcassets */; };
		30BBFEE81FACDB06003971AF /* LaunchScreen.storyboard in Resources */ = {isa = PBXBuildFile; fileRef = 30BBFEE61FACDB06003971AF /* LaunchScreen.storyboard */; };
		7EBBAE92D6213423A0943FA5 /* Pods_iOSExample.framework in Frameworks */ = {isa = PBXBuildFile; fileRef = 83B4F0D7C45DDCA1212E8573 /* Pods_iOSExample.framework */; };
/* End PBXBuildFile section */

/* Begin PBXFileReference section */
		305246BA1FB0631800BB63CA /* LabelView.swift */ = {isa = PBXFileReference; lastKnownFileType = sourcecode.swift; path = LabelView.swift; sourceTree = "<group>"; };
		308119A41FB0589C00EEA5A8 /* FormattedDataSource.framework */ = {isa = PBXFileReference; explicitFileType = wrapper.framework; path = FormattedDataSource.framework; sourceTree = BUILT_PRODUCTS_DIR; };
		308119A91FB0590800EEA5A8 /* FormattedDataSource.framework */ = {isa = PBXFileReference; explicitFileType = wrapper.framework; path = FormattedDataSource.framework; sourceTree = BUILT_PRODUCTS_DIR; };
		30BBFEDA1FACDB06003971AF /* iOSExample.app */ = {isa = PBXFileReference; explicitFileType = wrapper.application; includeInIndex = 0; path = iOSExample.app; sourceTree = BUILT_PRODUCTS_DIR; };
		30BBFEDD1FACDB06003971AF /* AppDelegate.swift */ = {isa = PBXFileReference; lastKnownFileType = sourcecode.swift; path = AppDelegate.swift; sourceTree = "<group>"; };
		30BBFEDF1FACDB06003971AF /* ViewController.swift */ = {isa = PBXFileReference; lastKnownFileType = sourcecode.swift; path = ViewController.swift; sourceTree = "<group>"; };
		30BBFEE21FACDB06003971AF /* Base */ = {isa = PBXFileReference; lastKnownFileType = file.storyboard; name = Base; path = Base.lproj/Main.storyboard; sourceTree = "<group>"; };
		30BBFEE41FACDB06003971AF /* Assets.xcassets */ = {isa = PBXFileReference; lastKnownFileType = folder.assetcatalog; path = Assets.xcassets; sourceTree = "<group>"; };
		30BBFEE71FACDB06003971AF /* Base */ = {isa = PBXFileReference; lastKnownFileType = file.storyboard; name = Base; path = Base.lproj/LaunchScreen.storyboard; sourceTree = "<group>"; };
		30BBFEE91FACDB06003971AF /* Info.plist */ = {isa = PBXFileReference; lastKnownFileType = text.plist.xml; path = Info.plist; sourceTree = "<group>"; };
		83B4F0D7C45DDCA1212E8573 /* Pods_iOSExample.framework */ = {isa = PBXFileReference; explicitFileType = wrapper.framework; includeInIndex = 0; path = Pods_iOSExample.framework; sourceTree = BUILT_PRODUCTS_DIR; };
		B1EB57F405D9224E7309E295 /* Pods-iOSExample.debug.xcconfig */ = {isa = PBXFileReference; includeInIndex = 1; lastKnownFileType = text.xcconfig; name = "Pods-iOSExample.debug.xcconfig"; path = "../Pods/Target Support Files/Pods-iOSExample/Pods-iOSExample.debug.xcconfig"; sourceTree = "<group>"; };
		D64987135EDE5792294D6C02 /* Pods-iOSExample.release.xcconfig */ = {isa = PBXFileReference; includeInIndex = 1; lastKnownFileType = text.xcconfig; name = "Pods-iOSExample.release.xcconfig"; path = "../Pods/Target Support Files/Pods-iOSExample/Pods-iOSExample.release.xcconfig"; sourceTree = "<group>"; };
/* End PBXFileReference section */

/* Begin PBXFrameworksBuildPhase section */
		30BBFED71FACDB06003971AF /* Frameworks */ = {
			isa = PBXFrameworksBuildPhase;
			buildActionMask = 2147483647;
			files = (
				308119A81FB0590800EEA5A8 /* FormattedDataSource.framework in Frameworks */,
				7EBBAE92D6213423A0943FA5 /* Pods_iOSExample.framework in Frameworks */,
			);
			runOnlyForDeploymentPostprocessing = 0;
		};
/* End PBXFrameworksBuildPhase section */

/* Begin PBXGroup section */
		308119A21FB0589C00EEA5A8 /* Frameworks */ = {
			isa = PBXGroup;
			children = (
				308119A91FB0590800EEA5A8 /* FormattedDataSource.framework */,
				308119A41FB0589C00EEA5A8 /* FormattedDataSource.framework */,
				83B4F0D7C45DDCA1212E8573 /* Pods_iOSExample.framework */,
			);
			name = Frameworks;
			sourceTree = "<group>";
		};
		30BBFED11FACDB06003971AF = {
			isa = PBXGroup;
			children = (
				30BBFEDC1FACDB06003971AF /* iOSExample */,
				30BBFEDB1FACDB06003971AF /* Products */,
				308119A21FB0589C00EEA5A8 /* Frameworks */,
				F5F3853BEA39D352B7348075 /* Pods */,
			);
			sourceTree = "<group>";
		};
		30BBFEDB1FACDB06003971AF /* Products */ = {
			isa = PBXGroup;
			children = (
				30BBFEDA1FACDB06003971AF /* iOSExample.app */,
			);
			name = Products;
			sourceTree = "<group>";
		};
		30BBFEDC1FACDB06003971AF /* iOSExample */ = {
			isa = PBXGroup;
			children = (
				30BBFEDD1FACDB06003971AF /* AppDelegate.swift */,
				30BBFEDF1FACDB06003971AF /* ViewController.swift */,
				30BBFEE11FACDB06003971AF /* Main.storyboard */,
				30BBFEE41FACDB06003971AF /* Assets.xcassets */,
				30BBFEE61FACDB06003971AF /* LaunchScreen.storyboard */,
				30BBFEE91FACDB06003971AF /* Info.plist */,
				305246BA1FB0631800BB63CA /* LabelView.swift */,
			);
			path = iOSExample;
			sourceTree = "<group>";
		};
		F5F3853BEA39D352B7348075 /* Pods */ = {
			isa = PBXGroup;
			children = (
				B1EB57F405D9224E7309E295 /* Pods-iOSExample.debug.xcconfig */,
				D64987135EDE5792294D6C02 /* Pods-iOSExample.release.xcconfig */,
			);
			name = Pods;
			sourceTree = "<group>";
		};
/* End PBXGroup section */

/* Begin PBXNativeTarget section */
		30BBFED91FACDB06003971AF /* iOSExample */ = {
			isa = PBXNativeTarget;
			buildConfigurationList = 30BBFEEC1FACDB06003971AF /* Build configuration list for PBXNativeTarget "iOSExample" */;
			buildPhases = (
				E52AEE4A2E9543C35FF66E9E /* [CP] Check Pods Manifest.lock */,
				30BBFED61FACDB06003971AF /* Sources */,
				30BBFED71FACDB06003971AF /* Frameworks */,
				30BBFED81FACDB06003971AF /* Resources */,
				DAB88DF463771550FA602107 /* [CP] Embed Pods Frameworks */,
				4EBC1596EDFC0F2865A8B215 /* [CP] Copy Pods Resources */,
			);
			buildRules = (
			);
			dependencies = (
			);
			name = iOSExample;
			productName = iOSExample;
			productReference = 30BBFEDA1FACDB06003971AF /* iOSExample.app */;
			productType = "com.apple.product-type.application";
		};
/* End PBXNativeTarget section */

/* Begin PBXProject section */
		30BBFED21FACDB06003971AF /* Project object */ = {
			isa = PBXProject;
			attributes = {
				LastSwiftUpdateCheck = 0910;
				LastUpgradeCheck = 0910;
				ORGANIZATIONNAME = BRANDERSTUDIO;
				TargetAttributes = {
					30BBFED91FACDB06003971AF = {
						CreatedOnToolsVersion = 9.1;
						ProvisioningStyle = Automatic;
					};
				};
			};
			buildConfigurationList = 30BBFED51FACDB06003971AF /* Build configuration list for PBXProject "iOSExample" */;
			compatibilityVersion = "Xcode 8.0";
			developmentRegion = en;
			hasScannedForEncodings = 0;
			knownRegions = (
				en,
				Base,
			);
			mainGroup = 30BBFED11FACDB06003971AF;
			productRefGroup = 30BBFEDB1FACDB06003971AF /* Products */;
			projectDirPath = "";
			projectRoot = "";
			targets = (
				30BBFED91FACDB06003971AF /* iOSExample */,
			);
		};
/* End PBXProject section */

/* Begin PBXResourcesBuildPhase section */
		30BBFED81FACDB06003971AF /* Resources */ = {
			isa = PBXResourcesBuildPhase;
			buildActionMask = 2147483647;
			files = (
				30BBFEE81FACDB06003971AF /* LaunchScreen.storyboard in Resources */,
				30BBFEE51FACDB06003971AF /* Assets.xcassets in Resources */,
				30BBFEE31FACDB06003971AF /* Main.storyboard in Resources */,
			);
			runOnlyForDeploymentPostprocessing = 0;
		};
/* End PBXResourcesBuildPhase section */

/* Begin PBXShellScriptBuildPhase section */
		4EBC1596EDFC0F2865A8B215 /* [CP] Copy Pods Resources */ = {
			isa = PBXShellScriptBuildPhase;
			buildActionMask = 2147483647;
			files = (
			);
			inputPaths = (
			);
			name = "[CP] Copy Pods Resources";
			outputPaths = (
			);
			runOnlyForDeploymentPostprocessing = 0;
			shellPath = /bin/sh;
			shellScript = "\"${SRCROOT}/../Pods/Target Support Files/Pods-iOSExample/Pods-iOSExample-resources.sh\"\n";
			showEnvVarsInLog = 0;
		};
		DAB88DF463771550FA602107 /* [CP] Embed Pods Frameworks */ = {
			isa = PBXShellScriptBuildPhase;
			buildActionMask = 2147483647;
			files = (
			);
			inputPaths = (
				"${SRCROOT}/../Pods/Target Support Files/Pods-iOSExample/Pods-iOSExample-frameworks.sh",
				"${BUILT_PRODUCTS_DIR}/SnapKit/SnapKit.framework",
			);
			name = "[CP] Embed Pods Frameworks";
			outputPaths = (
				"${TARGET_BUILD_DIR}/${FRAMEWORKS_FOLDER_PATH}/SnapKit.framework",
			);
			runOnlyForDeploymentPostprocessing = 0;
			shellPath = /bin/sh;
			shellScript = "\"${SRCROOT}/../Pods/Target Support Files/Pods-iOSExample/Pods-iOSExample-frameworks.sh\"\n";
			showEnvVarsInLog = 0;
		};
		E52AEE4A2E9543C35FF66E9E /* [CP] Check Pods Manifest.lock */ = {
			isa = PBXShellScriptBuildPhase;
			buildActionMask = 2147483647;
			files = (
			);
			inputPaths = (
				"${PODS_PODFILE_DIR_PATH}/Podfile.lock",
				"${PODS_ROOT}/Manifest.lock",
			);
			name = "[CP] Check Pods Manifest.lock";
			outputPaths = (
				"$(DERIVED_FILE_DIR)/Pods-iOSExample-checkManifestLockResult.txt",
			);
			runOnlyForDeploymentPostprocessing = 0;
			shellPath = /bin/sh;
			shellScript = "diff \"${PODS_PODFILE_DIR_PATH}/Podfile.lock\" \"${PODS_ROOT}/Manifest.lock\" > /dev/null\nif [ $? != 0 ] ; then\n    # print error to STDERR\n    echo \"error: The sandbox is not in sync with the Podfile.lock. Run 'pod install' or update your CocoaPods installation.\" >&2\n    exit 1\nfi\n# This output is used by Xcode 'outputs' to avoid re-running this script phase.\necho \"SUCCESS\" > \"${SCRIPT_OUTPUT_FILE_0}\"\n";
			showEnvVarsInLog = 0;
		};
/* End PBXShellScriptBuildPhase section */

/* Begin PBXSourcesBuildPhase section */
		30BBFED61FACDB06003971AF /* Sources */ = {
			isa = PBXSourcesBuildPhase;
			buildActionMask = 2147483647;
			files = (
				30BBFEE01FACDB06003971AF /* ViewController.swift in Sources */,
				30BBFEDE1FACDB06003971AF /* AppDelegate.swift in Sources */,
				305246BB1FB0631800BB63CA /* LabelView.swift in Sources */,
			);
			runOnlyForDeploymentPostprocessing = 0;
		};
/* End PBXSourcesBuildPhase section */

/* Begin PBXVariantGroup section */
		30BBFEE11FACDB06003971AF /* Main.storyboard */ = {
			isa = PBXVariantGroup;
			children = (
				30BBFEE21FACDB06003971AF /* Base */,
			);
			name = Main.storyboard;
			sourceTree = "<group>";
		};
		30BBFEE61FACDB06003971AF /* LaunchScreen.storyboard */ = {
			isa = PBXVariantGroup;
			children = (
				30BBFEE71FACDB06003971AF /* Base */,
			);
			name = LaunchScreen.storyboard;
			sourceTree = "<group>";
		};
/* End PBXVariantGroup section */

/* Begin XCBuildConfiguration section */
		30BBFEEA1FACDB06003971AF /* Debug */ = {
			isa = XCBuildConfiguration;
			buildSettings = {
				ALWAYS_SEARCH_USER_PATHS = NO;
				CLANG_ANALYZER_NONNULL = YES;
				CLANG_ANALYZER_NUMBER_OBJECT_CONVERSION = YES_AGGRESSIVE;
				CLANG_CXX_LANGUAGE_STANDARD = "gnu++14";
				CLANG_CXX_LIBRARY = "libc++";
				CLANG_ENABLE_MODULES = YES;
				CLANG_ENABLE_OBJC_ARC = YES;
				CLANG_WARN_BLOCK_CAPTURE_AUTORELEASING = YES;
				CLANG_WARN_BOOL_CONVERSION = YES;
				CLANG_WARN_COMMA = YES;
				CLANG_WARN_CONSTANT_CONVERSION = YES;
				CLANG_WARN_DIRECT_OBJC_ISA_USAGE = YES_ERROR;
				CLANG_WARN_DOCUMENTATION_COMMENTS = YES;
				CLANG_WARN_EMPTY_BODY = YES;
				CLANG_WARN_ENUM_CONVERSION = YES;
				CLANG_WARN_INFINITE_RECURSION = YES;
				CLANG_WARN_INT_CONVERSION = YES;
				CLANG_WARN_NON_LITERAL_NULL_CONVERSION = YES;
				CLANG_WARN_OBJC_LITERAL_CONVERSION = YES;
				CLANG_WARN_OBJC_ROOT_CLASS = YES_ERROR;
				CLANG_WARN_RANGE_LOOP_ANALYSIS = YES;
				CLANG_WARN_STRICT_PROTOTYPES = YES;
				CLANG_WARN_SUSPICIOUS_MOVE = YES;
				CLANG_WARN_UNGUARDED_AVAILABILITY = YES_AGGRESSIVE;
				CLANG_WARN_UNREACHABLE_CODE = YES;
				CLANG_WARN__DUPLICATE_METHOD_MATCH = YES;
				CODE_SIGN_IDENTITY = "iPhone Developer";
				COPY_PHASE_STRIP = NO;
				DEBUG_INFORMATION_FORMAT = dwarf;
				ENABLE_STRICT_OBJC_MSGSEND = YES;
				ENABLE_TESTABILITY = YES;
				GCC_C_LANGUAGE_STANDARD = gnu11;
				GCC_DYNAMIC_NO_PIC = NO;
				GCC_NO_COMMON_BLOCKS = YES;
				GCC_OPTIMIZATION_LEVEL = 0;
				GCC_PREPROCESSOR_DEFINITIONS = (
					"DEBUG=1",
					"$(inherited)",
				);
				GCC_WARN_64_TO_32_BIT_CONVERSION = YES;
				GCC_WARN_ABOUT_RETURN_TYPE = YES_ERROR;
				GCC_WARN_UNDECLARED_SELECTOR = YES;
				GCC_WARN_UNINITIALIZED_AUTOS = YES_AGGRESSIVE;
				GCC_WARN_UNUSED_FUNCTION = YES;
				GCC_WARN_UNUSED_VARIABLE = YES;
				IPHONEOS_DEPLOYMENT_TARGET = 11.1;
				MTL_ENABLE_DEBUG_INFO = YES;
				ONLY_ACTIVE_ARCH = YES;
				SDKROOT = iphoneos;
				SWIFT_ACTIVE_COMPILATION_CONDITIONS = DEBUG;
				SWIFT_OPTIMIZATION_LEVEL = "-Onone";
			};
			name = Debug;
		};
		30BBFEEB1FACDB06003971AF /* Release */ = {
			isa = XCBuildConfiguration;
			buildSettings = {
				ALWAYS_SEARCH_USER_PATHS = NO;
				CLANG_ANALYZER_NONNULL = YES;
				CLANG_ANALYZER_NUMBER_OBJECT_CONVERSION = YES_AGGRESSIVE;
				CLANG_CXX_LANGUAGE_STANDARD = "gnu++14";
				CLANG_CXX_LIBRARY = "libc++";
				CLANG_ENABLE_MODULES = YES;
				CLANG_ENABLE_OBJC_ARC = YES;
				CLANG_WARN_BLOCK_CAPTURE_AUTORELEASING = YES;
				CLANG_WARN_BOOL_CONVERSION = YES;
				CLANG_WARN_COMMA = YES;
				CLANG_WARN_CONSTANT_CONVERSION = YES;
				CLANG_WARN_DIRECT_OBJC_ISA_USAGE = YES_ERROR;
				CLANG_WARN_DOCUMENTATION_COMMENTS = YES;
				CLANG_WARN_EMPTY_BODY = YES;
				CLANG_WARN_ENUM_CONVERSION = YES;
				CLANG_WARN_INFINITE_RECURSION = YES;
				CLANG_WARN_INT_CONVERSION = YES;
				CLANG_WARN_NON_LITERAL_NULL_CONVERSION = YES;
				CLANG_WARN_OBJC_LITERAL_CONVERSION = YES;
				CLANG_WARN_OBJC_ROOT_CLASS = YES_ERROR;
				CLANG_WARN_RANGE_LOOP_ANALYSIS = YES;
				CLANG_WARN_STRICT_PROTOTYPES = YES;
				CLANG_WARN_SUSPICIOUS_MOVE = YES;
				CLANG_WARN_UNGUARDED_AVAILABILITY = YES_AGGRESSIVE;
				CLANG_WARN_UNREACHABLE_CODE = YES;
				CLANG_WARN__DUPLICATE_METHOD_MATCH = YES;
				CODE_SIGN_IDENTITY = "iPhone Developer";
				COPY_PHASE_STRIP = NO;
				DEBUG_INFORMATION_FORMAT = "dwarf-with-dsym";
				ENABLE_NS_ASSERTIONS = NO;
				ENABLE_STRICT_OBJC_MSGSEND = YES;
				GCC_C_LANGUAGE_STANDARD = gnu11;
				GCC_NO_COMMON_BLOCKS = YES;
				GCC_WARN_64_TO_32_BIT_CONVERSION = YES;
				GCC_WARN_ABOUT_RETURN_TYPE = YES_ERROR;
				GCC_WARN_UNDECLARED_SELECTOR = YES;
				GCC_WARN_UNINITIALIZED_AUTOS = YES_AGGRESSIVE;
				GCC_WARN_UNUSED_FUNCTION = YES;
				GCC_WARN_UNUSED_VARIABLE = YES;
				IPHONEOS_DEPLOYMENT_TARGET = 11.1;
				MTL_ENABLE_DEBUG_INFO = NO;
				SDKROOT = iphoneos;
				SWIFT_OPTIMIZATION_LEVEL = "-Owholemodule";
				VALIDATE_PRODUCT = YES;
			};
			name = Release;
		};
		30BBFEED1FACDB06003971AF /* Debug */ = {
			isa = XCBuildConfiguration;
			baseConfigurationReference = B1EB57F405D9224E7309E295 /* Pods-iOSExample.debug.xcconfig */;
			buildSettings = {
				ASSETCATALOG_COMPILER_APPICON_NAME = AppIcon;
				CODE_SIGN_STYLE = Automatic;
				DEVELOPMENT_TEAM = 87GS5B9N5U;
				INFOPLIST_FILE = iOSExample/Info.plist;
				IPHONEOS_DEPLOYMENT_TARGET = 9.0;
				LD_RUNPATH_SEARCH_PATHS = "$(inherited) @executable_path/Frameworks";
				PRODUCT_BUNDLE_IDENTIFIER = Brander.iOSExample;
				PRODUCT_NAME = "$(TARGET_NAME)";
				SWIFT_VERSION = 4.0;
				TARGETED_DEVICE_FAMILY = "1,2";
			};
			name = Debug;
		};
		30BBFEEE1FACDB06003971AF /* Release */ = {
			isa = XCBuildConfiguration;
			baseConfigurationReference = D64987135EDE5792294D6C02 /* Pods-iOSExample.release.xcconfig */;
			buildSettings = {
				ASSETCATALOG_COMPILER_APPICON_NAME = AppIcon;
				CODE_SIGN_STYLE = Automatic;
				DEVELOPMENT_TEAM = 87GS5B9N5U;
				INFOPLIST_FILE = iOSExample/Info.plist;
				IPHONEOS_DEPLOYMENT_TARGET = 9.0;
				LD_RUNPATH_SEARCH_PATHS = "$(inherited) @executable_path/Frameworks";
				PRODUCT_BUNDLE_IDENTIFIER = Brander.iOSExample;
				PRODUCT_NAME = "$(TARGET_NAME)";
				SWIFT_VERSION = 4.0;
				TARGETED_DEVICE_FAMILY = "1,2";
			};
			name = Release;
		};
/* End XCBuildConfiguration section */

/* Begin XCConfigurationList section */
		30BBFED51FACDB06003971AF /* Build configuration list for PBXProject "iOSExample" */ = {
			isa = XCConfigurationList;
			buildConfigurations = (
				30BBFEEA1FACDB06003971AF /* Debug */,
				30BBFEEB1FACDB06003971AF /* Release */,
			);
			defaultConfigurationIsVisible = 0;
			defaultConfigurationName = Release;
		};
		30BBFEEC1FACDB06003971AF /* Build configuration list for PBXNativeTarget "iOSExample" */ = {
			isa = XCConfigurationList;
			buildConfigurations = (
				30BBFEED1FACDB06003971AF /* Debug */,
				30BBFEEE1FACDB06003971AF /* Release */,
			);
			defaultConfigurationIsVisible = 0;
			defaultConfigurationName = Release;
		};
/* End XCConfigurationList section */
	};
	rootObject = 30BBFED21FACDB06003971AF /* Project object */;
}
