// !$*UTF8*$!
{
	archiveVersion = 1;
	classes = {
	};
	objectVersion = 48;
	objects = {

/* Begin PBXBuildFile section */
		30AEF4F71FAB12E600C57F87 /* AppDelegate.swift in Sources */ = {isa = PBXBuildFile; fileRef = 30AEF4F61FAB12E600C57F87 /* AppDelegate.swift */; };
		30AEF4F91FAB12E600C57F87 /* ViewController.swift in Sources */ = {isa = PBXBuildFile; fileRef = 30AEF4F81FAB12E600C57F87 /* ViewController.swift */; };
		30AEF4FC1FAB12E600C57F87 /* Main.storyboard in Resources */ = {isa = PBXBuildFile; fileRef = 30AEF4FA1FAB12E600C57F87 /* Main.storyboard */; };
		30AEF4FE1FAB12E600C57F87 /* Assets.xcassets in Resources */ = {isa = PBXBuildFile; fileRef = 30AEF4FD1FAB12E600C57F87 /* Assets.xcassets */; };
		30AEF5011FAB12E600C57F87 /* LaunchScreen.storyboard in Resources */ = {isa = PBXBuildFile; fileRef = 30AEF4FF1FAB12E600C57F87 /* LaunchScreen.storyboard */; };
		30C5F52A1FAB18BA003711D1 /* HelloWorldView.swift in Sources */ = {isa = PBXBuildFile; fileRef = 30C5F5291FAB18BA003711D1 /* HelloWorldView.swift */; };
		30C5F52C1FAB1C22003711D1 /* GoodbyeWorldView.swift in Sources */ = {isa = PBXBuildFile; fileRef = 30C5F52B1FAB1C22003711D1 /* GoodbyeWorldView.swift */; };
		30C5F52E1FAB235E003711D1 /* FormattedDataSource.framework in Frameworks */ = {isa = PBXBuildFile; fileRef = 30C5F52F1FAB235E003711D1 /* FormattedDataSource.framework */; };
/* End PBXBuildFile section */

/* Begin PBXFileReference section */
		30AEF4F31FAB12E600C57F87 /* iOSExample.app */ = {isa = PBXFileReference; explicitFileType = wrapper.application; includeInIndex = 0; path = iOSExample.app; sourceTree = BUILT_PRODUCTS_DIR; };
		30AEF4F61FAB12E600C57F87 /* AppDelegate.swift */ = {isa = PBXFileReference; lastKnownFileType = sourcecode.swift; path = AppDelegate.swift; sourceTree = "<group>"; };
		30AEF4F81FAB12E600C57F87 /* ViewController.swift */ = {isa = PBXFileReference; lastKnownFileType = sourcecode.swift; path = ViewController.swift; sourceTree = "<group>"; };
		30AEF4FB1FAB12E600C57F87 /* Base */ = {isa = PBXFileReference; lastKnownFileType = file.storyboard; name = Base; path = Base.lproj/Main.storyboard; sourceTree = "<group>"; };
		30AEF4FD1FAB12E600C57F87 /* Assets.xcassets */ = {isa = PBXFileReference; lastKnownFileType = folder.assetcatalog; path = Assets.xcassets; sourceTree = "<group>"; };
		30AEF5001FAB12E600C57F87 /* Base */ = {isa = PBXFileReference; lastKnownFileType = file.storyboard; name = Base; path = Base.lproj/LaunchScreen.storyboard; sourceTree = "<group>"; };
		30AEF5021FAB12E600C57F87 /* Info.plist */ = {isa = PBXFileReference; lastKnownFileType = text.plist.xml; path = Info.plist; sourceTree = "<group>"; };
		30C5F5291FAB18BA003711D1 /* HelloWorldView.swift */ = {isa = PBXFileReference; lastKnownFileType = sourcecode.swift; path = HelloWorldView.swift; sourceTree = "<group>"; };
		30C5F52B1FAB1C22003711D1 /* GoodbyeWorldView.swift */ = {isa = PBXFileReference; lastKnownFileType = sourcecode.swift; path = GoodbyeWorldView.swift; sourceTree = "<group>"; };
		30C5F52F1FAB235E003711D1 /* FormattedDataSource.framework */ = {isa = PBXFileReference; explicitFileType = wrapper.framework; path = FormattedDataSource.framework; sourceTree = BUILT_PRODUCTS_DIR; };
/* End PBXFileReference section */

/* Begin PBXFrameworksBuildPhase section */
		30AEF4F01FAB12E600C57F87 /* Frameworks */ = {
			isa = PBXFrameworksBuildPhase;
			buildActionMask = 2147483647;
			files = (
				30C5F52E1FAB235E003711D1 /* FormattedDataSource.framework in Frameworks */,
			);
			runOnlyForDeploymentPostprocessing = 0;
		};
/* End PBXFrameworksBuildPhase section */

/* Begin PBXGroup section */
		30AEF4EA1FAB12E600C57F87 = {
			isa = PBXGroup;
			children = (
				30AEF4F51FAB12E600C57F87 /* iOSExample */,
				30AEF4F41FAB12E600C57F87 /* Products */,
				30C5F52D1FAB235E003711D1 /* Frameworks */,
			);
			sourceTree = "<group>";
		};
		30AEF4F41FAB12E600C57F87 /* Products */ = {
			isa = PBXGroup;
			children = (
				30AEF4F31FAB12E600C57F87 /* iOSExample.app */,
			);
			name = Products;
			sourceTree = "<group>";
		};
		30AEF4F51FAB12E600C57F87 /* iOSExample */ = {
			isa = PBXGroup;
			children = (
				30AEF4F61FAB12E600C57F87 /* AppDelegate.swift */,
				30AEF4F81FAB12E600C57F87 /* ViewController.swift */,
				30AEF4FA1FAB12E600C57F87 /* Main.storyboard */,
				30AEF4FD1FAB12E600C57F87 /* Assets.xcassets */,
				30AEF4FF1FAB12E600C57F87 /* LaunchScreen.storyboard */,
				30AEF5021FAB12E600C57F87 /* Info.plist */,
				30C5F5291FAB18BA003711D1 /* HelloWorldView.swift */,
				30C5F52B1FAB1C22003711D1 /* GoodbyeWorldView.swift */,
			);
			path = iOSExample;
			sourceTree = "<group>";
		};
		30C5F52D1FAB235E003711D1 /* Frameworks */ = {
			isa = PBXGroup;
			children = (
				30C5F52F1FAB235E003711D1 /* FormattedDataSource.framework */,
			);
			name = Frameworks;
			sourceTree = "<group>";
		};
/* End PBXGroup section */

/* Begin PBXNativeTarget section */
		30AEF4F21FAB12E600C57F87 /* iOSExample */ = {
			isa = PBXNativeTarget;
			buildConfigurationList = 30AEF5051FAB12E600C57F87 /* Build configuration list for PBXNativeTarget "iOSExample" */;
			buildPhases = (
				30AEF4EF1FAB12E600C57F87 /* Sources */,
				30AEF4F01FAB12E600C57F87 /* Frameworks */,
				30AEF4F11FAB12E600C57F87 /* Resources */,
			);
			buildRules = (
			);
			dependencies = (
			);
			name = iOSExample;
			productName = iOSExample;
			productReference = 30AEF4F31FAB12E600C57F87 /* iOSExample.app */;
			productType = "com.apple.product-type.application";
		};
/* End PBXNativeTarget section */

/* Begin PBXProject section */
		30AEF4EB1FAB12E600C57F87 /* Project object */ = {
			isa = PBXProject;
			attributes = {
				LastSwiftUpdateCheck = 0910;
				LastUpgradeCheck = 0910;
				ORGANIZATIONNAME = BRANDERSTUDIO;
				TargetAttributes = {
					30AEF4F21FAB12E600C57F87 = {
						CreatedOnToolsVersion = 9.1;
						ProvisioningStyle = Automatic;
					};
				};
			};
			buildConfigurationList = 30AEF4EE1FAB12E600C57F87 /* Build configuration list for PBXProject "iOSExample" */;
			compatibilityVersion = "Xcode 8.0";
			developmentRegion = en;
			hasScannedForEncodings = 0;
			knownRegions = (
				en,
				Base,
			);
			mainGroup = 30AEF4EA1FAB12E600C57F87;
			productRefGroup = 30AEF4F41FAB12E600C57F87 /* Products */;
			projectDirPath = "";
			projectRoot = "";
			targets = (
				30AEF4F21FAB12E600C57F87 /* iOSExample */,
			);
		};
/* End PBXProject section */

/* Begin PBXResourcesBuildPhase section */
		30AEF4F11FAB12E600C57F87 /* Resources */ = {
			isa = PBXResourcesBuildPhase;
			buildActionMask = 2147483647;
			files = (
				30AEF5011FAB12E600C57F87 /* LaunchScreen.storyboard in Resources */,
				30AEF4FE1FAB12E600C57F87 /* Assets.xcassets in Resources */,
				30AEF4FC1FAB12E600C57F87 /* Main.storyboard in Resources */,
			);
			runOnlyForDeploymentPostprocessing = 0;
		};
/* End PBXResourcesBuildPhase section */

/* Begin PBXSourcesBuildPhase section */
		30AEF4EF1FAB12E600C57F87 /* Sources */ = {
			isa = PBXSourcesBuildPhase;
			buildActionMask = 2147483647;
			files = (
				30C5F52C1FAB1C22003711D1 /* GoodbyeWorldView.swift in Sources */,
				30AEF4F91FAB12E600C57F87 /* ViewController.swift in Sources */,
				30C5F52A1FAB18BA003711D1 /* HelloWorldView.swift in Sources */,
				30AEF4F71FAB12E600C57F87 /* AppDelegate.swift in Sources */,
			);
			runOnlyForDeploymentPostprocessing = 0;
		};
/* End PBXSourcesBuildPhase section */

/* Begin PBXVariantGroup section */
		30AEF4FA1FAB12E600C57F87 /* Main.storyboard */ = {
			isa = PBXVariantGroup;
			children = (
				30AEF4FB1FAB12E600C57F87 /* Base */,
			);
			name = Main.storyboard;
			sourceTree = "<group>";
		};
		30AEF4FF1FAB12E600C57F87 /* LaunchScreen.storyboard */ = {
			isa = PBXVariantGroup;
			children = (
				30AEF5001FAB12E600C57F87 /* Base */,
			);
			name = LaunchScreen.storyboard;
			sourceTree = "<group>";
		};
/* End PBXVariantGroup section */

/* Begin XCBuildConfiguration section */
		30AEF5031FAB12E600C57F87 /* Debug */ = {
			isa = XCBuildConfiguration;
			buildSettings = {
				ALWAYS_SEARCH_USER_PATHS = NO;
				CLANG_ANALYZER_NONNULL = YES;
				CLANG_ANALYZER_NUMBER_OBJECT_CONVERSION = YES_AGGRESSIVE;
				CLANG_CXX_LANGUAGE_STANDARD = "gnu++14";
				CLANG_CXX_LIBRARY = "libc++";
				CLANG_ENABLE_MODULES = YES;
				CLANG_ENABLE_OBJC_ARC = YES;
				CLANG_WARN_BLOCK_CAPTURE_AUTORELEASING = YES;
				CLANG_WARN_BOOL_CONVERSION = YES;
				CLANG_WARN_COMMA = YES;
				CLANG_WARN_CONSTANT_CONVERSION = YES;
				CLANG_WARN_DIRECT_OBJC_ISA_USAGE = YES_ERROR;
				CLANG_WARN_DOCUMENTATION_COMMENTS = YES;
				CLANG_WARN_EMPTY_BODY = YES;
				CLANG_WARN_ENUM_CONVERSION = YES;
				CLANG_WARN_INFINITE_RECURSION = YES;
				CLANG_WARN_INT_CONVERSION = YES;
				CLANG_WARN_NON_LITERAL_NULL_CONVERSION = YES;
				CLANG_WARN_OBJC_LITERAL_CONVERSION = YES;
				CLANG_WARN_OBJC_ROOT_CLASS = YES_ERROR;
				CLANG_WARN_RANGE_LOOP_ANALYSIS = YES;
				CLANG_WARN_STRICT_PROTOTYPES = YES;
				CLANG_WARN_SUSPICIOUS_MOVE = YES;
				CLANG_WARN_UNGUARDED_AVAILABILITY = YES_AGGRESSIVE;
				CLANG_WARN_UNREACHABLE_CODE = YES;
				CLANG_WARN__DUPLICATE_METHOD_MATCH = YES;
				CODE_SIGN_IDENTITY = "iPhone Developer";
				COPY_PHASE_STRIP = NO;
				DEBUG_INFORMATION_FORMAT = dwarf;
				ENABLE_STRICT_OBJC_MSGSEND = YES;
				ENABLE_TESTABILITY = YES;
				GCC_C_LANGUAGE_STANDARD = gnu11;
				GCC_DYNAMIC_NO_PIC = NO;
				GCC_NO_COMMON_BLOCKS = YES;
				GCC_OPTIMIZATION_LEVEL = 0;
				GCC_PREPROCESSOR_DEFINITIONS = (
					"DEBUG=1",
					"$(inherited)",
				);
				GCC_WARN_64_TO_32_BIT_CONVERSION = YES;
				GCC_WARN_ABOUT_RETURN_TYPE = YES_ERROR;
				GCC_WARN_UNDECLARED_SELECTOR = YES;
				GCC_WARN_UNINITIALIZED_AUTOS = YES_AGGRESSIVE;
				GCC_WARN_UNUSED_FUNCTION = YES;
				GCC_WARN_UNUSED_VARIABLE = YES;
				IPHONEOS_DEPLOYMENT_TARGET = 11.1;
				MTL_ENABLE_DEBUG_INFO = YES;
				ONLY_ACTIVE_ARCH = YES;
				SDKROOT = iphoneos;
				SWIFT_ACTIVE_COMPILATION_CONDITIONS = DEBUG;
				SWIFT_OPTIMIZATION_LEVEL = "-Onone";
			};
			name = Debug;
		};
		30AEF5041FAB12E600C57F87 /* Release */ = {
			isa = XCBuildConfiguration;
			buildSettings = {
				ALWAYS_SEARCH_USER_PATHS = NO;
				CLANG_ANALYZER_NONNULL = YES;
				CLANG_ANALYZER_NUMBER_OBJECT_CONVERSION = YES_AGGRESSIVE;
				CLANG_CXX_LANGUAGE_STANDARD = "gnu++14";
				CLANG_CXX_LIBRARY = "libc++";
				CLANG_ENABLE_MODULES = YES;
				CLANG_ENABLE_OBJC_ARC = YES;
				CLANG_WARN_BLOCK_CAPTURE_AUTORELEASING = YES;
				CLANG_WARN_BOOL_CONVERSION = YES;
				CLANG_WARN_COMMA = YES;
				CLANG_WARN_CONSTANT_CONVERSION = YES;
				CLANG_WARN_DIRECT_OBJC_ISA_USAGE = YES_ERROR;
				CLANG_WARN_DOCUMENTATION_COMMENTS = YES;
				CLANG_WARN_EMPTY_BODY = YES;
				CLANG_WARN_ENUM_CONVERSION = YES;
				CLANG_WARN_INFINITE_RECURSION = YES;
				CLANG_WARN_INT_CONVERSION = YES;
				CLANG_WARN_NON_LITERAL_NULL_CONVERSION = YES;
				CLANG_WARN_OBJC_LITERAL_CONVERSION = YES;
				CLANG_WARN_OBJC_ROOT_CLASS = YES_ERROR;
				CLANG_WARN_RANGE_LOOP_ANALYSIS = YES;
				CLANG_WARN_STRICT_PROTOTYPES = YES;
				CLANG_WARN_SUSPICIOUS_MOVE = YES;
				CLANG_WARN_UNGUARDED_AVAILABILITY = YES_AGGRESSIVE;
				CLANG_WARN_UNREACHABLE_CODE = YES;
				CLANG_WARN__DUPLICATE_METHOD_MATCH = YES;
				CODE_SIGN_IDENTITY = "iPhone Developer";
				COPY_PHASE_STRIP = NO;
				DEBUG_INFORMATION_FORMAT = "dwarf-with-dsym";
				ENABLE_NS_ASSERTIONS = NO;
				ENABLE_STRICT_OBJC_MSGSEND = YES;
				GCC_C_LANGUAGE_STANDARD = gnu11;
				GCC_NO_COMMON_BLOCKS = YES;
				GCC_WARN_64_TO_32_BIT_CONVERSION = YES;
				GCC_WARN_ABOUT_RETURN_TYPE = YES_ERROR;
				GCC_WARN_UNDECLARED_SELECTOR = YES;
				GCC_WARN_UNINITIALIZED_AUTOS = YES_AGGRESSIVE;
				GCC_WARN_UNUSED_FUNCTION = YES;
				GCC_WARN_UNUSED_VARIABLE = YES;
				IPHONEOS_DEPLOYMENT_TARGET = 11.1;
				MTL_ENABLE_DEBUG_INFO = NO;
				SDKROOT = iphoneos;
				SWIFT_OPTIMIZATION_LEVEL = "-Owholemodule";
				VALIDATE_PRODUCT = YES;
			};
			name = Release;
		};
		30AEF5061FAB12E600C57F87 /* Debug */ = {
			isa = XCBuildConfiguration;
			buildSettings = {
				ASSETCATALOG_COMPILER_APPICON_NAME = AppIcon;
				CODE_SIGN_STYLE = Automatic;
				DEVELOPMENT_TEAM = 87GS5B9N5U;
				INFOPLIST_FILE = iOSExample/Info.plist;
				IPHONEOS_DEPLOYMENT_TARGET = 9.0;
				LD_RUNPATH_SEARCH_PATHS = "$(inherited) @executable_path/Frameworks";
				PRODUCT_BUNDLE_IDENTIFIER = Brander.iOSExample;
				PRODUCT_NAME = "$(TARGET_NAME)";
				SWIFT_VERSION = 4.0;
				TARGETED_DEVICE_FAMILY = "1,2";
			};
			name = Debug;
		};
		30AEF5071FAB12E600C57F87 /* Release */ = {
			isa = XCBuildConfiguration;
			buildSettings = {
				ASSETCATALOG_COMPILER_APPICON_NAME = AppIcon;
				CODE_SIGN_STYLE = Automatic;
				DEVELOPMENT_TEAM = 87GS5B9N5U;
				INFOPLIST_FILE = iOSExample/Info.plist;
				IPHONEOS_DEPLOYMENT_TARGET = 9.0;
				LD_RUNPATH_SEARCH_PATHS = "$(inherited) @executable_path/Frameworks";
				PRODUCT_BUNDLE_IDENTIFIER = Brander.iOSExample;
				PRODUCT_NAME = "$(TARGET_NAME)";
				SWIFT_VERSION = 4.0;
				TARGETED_DEVICE_FAMILY = "1,2";
			};
			name = Release;
		};
/* End XCBuildConfiguration section */

/* Begin XCConfigurationList section */
		30AEF4EE1FAB12E600C57F87 /* Build configuration list for PBXProject "iOSExample" */ = {
			isa = XCConfigurationList;
			buildConfigurations = (
				30AEF5031FAB12E600C57F87 /* Debug */,
				30AEF5041FAB12E600C57F87 /* Release */,
			);
			defaultConfigurationIsVisible = 0;
			defaultConfigurationName = Release;
		};
		30AEF5051FAB12E600C57F87 /* Build configuration list for PBXNativeTarget "iOSExample" */ = {
			isa = XCConfigurationList;
			buildConfigurations = (
				30AEF5061FAB12E600C57F87 /* Debug */,
				30AEF5071FAB12E600C57F87 /* Release */,
			);
			defaultConfigurationIsVisible = 0;
			defaultConfigurationName = Release;
		};
/* End XCConfigurationList section */
	};
	rootObject = 30AEF4EB1FAB12E600C57F87 /* Project object */;
}
